
Microsoft Visual Studio Solution File, Format Version 12.00
# Visual Studio Version 16
VisualStudioVersion = 16.0.31702.278
MinimumVisualStudioVersion = 10.0.40219.1
Project("{8BC9CEB8-8B4A-11D0-8D11-00A0C91BC942}") = "lab_bd_reserve_copy", "lab_bd_reserve_copy\lab_bd_reserve_copy.vcxproj", "{3EA432B8-119D-4241-BE45-ED681031B4DB}"
EndProject
Global
	GlobalSection(SolutionConfigurationPlatforms) = preSolution
		Debug|x64 = Debug|x64
		Debug|x86 = Debug|x86
		Release|x64 = Release|x64
		Release|x86 = Release|x86
	EndGlobalSection
	GlobalSection(ProjectConfigurationPlatforms) = postSolution
		{3EA432B8-119D-4241-BE45-ED681031B4DB}.Debug|x64.ActiveCfg = Debug|x64
		{3EA432B8-119D-4241-BE45-ED681031B4DB}.Debug|x64.Build.0 = Debug|x64
		{3EA432B8-119D-4241-BE45-ED681031B4DB}.Debug|x86.ActiveCfg = Debug|Win32
		{3EA432B8-119D-4241-BE45-ED681031B4DB}.Debug|x86.Build.0 = Debug|Win32
		{3EA432B8-119D-4241-BE45-ED681031B4DB}.Release|x64.ActiveCfg = Release|x64
		{3EA432B8-119D-4241-BE45-ED681031B4DB}.Release|x64.Build.0 = Release|x64
		{3EA432B8-119D-4241-BE45-ED681031B4DB}.Release|x86.ActiveCfg = Release|Win32
		{3EA432B8-119D-4241-BE45-ED681031B4DB}.Release|x86.Build.0 = Release|Win32
	EndGlobalSection
	GlobalSection(SolutionProperties) = preSolution
		HideSolutionNode = FALSE
	EndGlobalSection
	GlobalSection(ExtensibilityGlobals) = postSolution
		SolutionGuid = {BF0271D7-C022-4055-A39F-39B26002C5A4}
	EndGlobalSection
EndGlobal
